<?xml version="1.0" encoding="utf-8"?>
<Project ToolsVersion="4.0" xmlns="http://schemas.microsoft.com/developer/msbuild/2003">
  <ItemGroup>
    <None Include="packages.config" />
  </ItemGroup>
  <ItemGroup>
    <ClInclude Include="MimeMapping.h" />
    <ClInclude Include="CodeEditorImpl.h" />
    <ClInclude Include="CodeEditor.h" />
    <ClInclude Include="ICodeEditorRenderer.h" />
    <ClInclude Include="resource.h" />
    <ClInclude Include="CodeEditorApp.h" />
  </ItemGroup>
  <ItemGroup>
    <ClCompile Include="MimeMapping.cpp" />
    <ClCompile Include="CodeEditorImpl.cpp" />
    <ClCompile Include="CodeEditor.cpp" />
    <ClCompile Include="CodeEditorApp.cpp" />
  </ItemGroup>
  <ItemGroup>
    <ResourceCompile Include="CodeEditor.rc" />
  </ItemGroup>
</Project>